PODS:
  - Cartography (0.6.0)
  - NovaBanner (0.1):
    - Cartography (~> 0.6)
    - NovaCore (~> 0.1)
  - NovaCore (0.1)

DEPENDENCIES:
  - NovaBanner (from `../`)

EXTERNAL SOURCES:
  NovaBanner:
    :path: ../

SPEC CHECKSUMS:
  Cartography: 70af183a248547694a8cfaa6b989cb7e04589985
  NovaBanner: 1f9bf45e7762bf8af1501c1cfd1c25d879dd5d3f
  NovaCore: 6c2ffd04ca4b6d08740851209a825987a6bead1b

PODFILE CHECKSUM: 9b1c23dfc4943f8283cde8740ae8f2549d501772

COCOAPODS: 1.0.1
